
Microsoft Visual Studio Solution File, Format Version 12.00
# Visual Studio Version 16
VisualStudioVersion = 16.0.29613.14
MinimumVisualStudioVersion = 10.0.40219.1
Project("{FAE04EC0-301F-11D3-BF4B-00C04F79EFBC}") = "PascalTriangle", "source\PascalTriangle\PascalTriangle.csproj", "{7E83B956-0D43-4F99-9F7C-183E4B6853AF}"
EndProject
Project("{9A19103F-16F7-4668-BE54-9A1E7A4F7556}") = "PascalTriangle.Console", "console\PascalTriangle.Console.csproj", "{E68EDB36-3D55-4749-A4AD-205BD7FB9091}"
EndProject
Project("{9A19103F-16F7-4668-BE54-9A1E7A4F7556}") = "PascalTriangle.Tests", "tests\PascalTriangle.Tests.csproj", "{24124C4B-70A1-49E6-A4F4-7C1BFD303B49}"
EndProject
Global
	GlobalSection(SolutionConfigurationPlatforms) = preSolution
		Debug|Any CPU = Debug|Any CPU
		Release|Any CPU = Release|Any CPU
	EndGlobalSection
	GlobalSection(ProjectConfigurationPlatforms) = postSolution
		{7E83B956-0D43-4F99-9F7C-183E4B6853AF}.Debug|Any CPU.ActiveCfg = Debug|Any CPU
		{7E83B956-0D43-4F99-9F7C-183E4B6853AF}.Debug|Any CPU.Build.0 = Debug|Any CPU
		{7E83B956-0D43-4F99-9F7C-183E4B6853AF}.Release|Any CPU.ActiveCfg = Release|Any CPU
		{7E83B956-0D43-4F99-9F7C-183E4B6853AF}.Release|Any CPU.Build.0 = Release|Any CPU
		{E68EDB36-3D55-4749-A4AD-205BD7FB9091}.Debug|Any CPU.ActiveCfg = Debug|Any CPU
		{E68EDB36-3D55-4749-A4AD-205BD7FB9091}.Debug|Any CPU.Build.0 = Debug|Any CPU
		{E68EDB36-3D55-4749-A4AD-205BD7FB9091}.Release|Any CPU.ActiveCfg = Release|Any CPU
		{E68EDB36-3D55-4749-A4AD-205BD7FB9091}.Release|Any CPU.Build.0 = Release|Any CPU
		{24124C4B-70A1-49E6-A4F4-7C1BFD303B49}.Debug|Any CPU.ActiveCfg = Debug|Any CPU
		{24124C4B-70A1-49E6-A4F4-7C1BFD303B49}.Debug|Any CPU.Build.0 = Debug|Any CPU
		{24124C4B-70A1-49E6-A4F4-7C1BFD303B49}.Release|Any CPU.ActiveCfg = Release|Any CPU
		{24124C4B-70A1-49E6-A4F4-7C1BFD303B49}.Release|Any CPU.Build.0 = Release|Any CPU
	EndGlobalSection
	GlobalSection(SolutionProperties) = preSolution
		HideSolutionNode = FALSE
	EndGlobalSection
	GlobalSection(ExtensibilityGlobals) = postSolution
		SolutionGuid = {9286608A-8D69-4C1D-B0E9-06519390418E}
	EndGlobalSection
EndGlobal
